// !$*UTF8*$!
{
	archiveVersion = 1;
	classes = {
	};
	objectVersion = 46;
	objects = {

/* Begin PBXBuildFile section */
		51006DD91E8A6C7C00C6FD13 /* UIColor+image.m in Sources */ = {isa = PBXBuildFile; fileRef = 51006DD81E8A6C7C00C6FD13 /* UIColor+image.m */; };
		51006DDA1E8A6C7C00C6FD13 /* UIColor+image.m in Sources */ = {isa = PBXBuildFile; fileRef = 51006DD81E8A6C7C00C6FD13 /* UIColor+image.m */; };
		51006DDB1E8A6C7C00C6FD13 /* UIColor+image.m in Sources */ = {isa = PBXBuildFile; fileRef = 51006DD81E8A6C7C00C6FD13 /* UIColor+image.m */; };
		51006DDE1E8A6D0200C6FD13 /* UIViewController+DXNavgationBarItem.m in Sources */ = {isa = PBXBuildFile; fileRef = 51006DDD1E8A6D0200C6FD13 /* UIViewController+DXNavgationBarItem.m */; };
		51006DDF1E8A6D0200C6FD13 /* UIViewController+DXNavgationBarItem.m in Sources */ = {isa = PBXBuildFile; fileRef = 51006DDD1E8A6D0200C6FD13 /* UIViewController+DXNavgationBarItem.m */; };
		51006DE01E8A6D0200C6FD13 /* UIViewController+DXNavgationBarItem.m in Sources */ = {isa = PBXBuildFile; fileRef = 51006DDD1E8A6D0200C6FD13 /* UIViewController+DXNavgationBarItem.m */; };
		51182CB41E7645A600AB1FFE /* main.m in Sources */ = {isa = PBXBuildFile; fileRef = 51182CB31E7645A600AB1FFE /* main.m */; };
		51182CB71E7645A600AB1FFE /* AppDelegate.m in Sources */ = {isa = PBXBuildFile; fileRef = 51182CB61E7645A600AB1FFE /* AppDelegate.m */; };
		51182CBD1E7645A600AB1FFE /* Main.storyboard in Resources */ = {isa = PBXBuildFile; fileRef = 51182CBB1E7645A600AB1FFE /* Main.storyboard */; };
		51182CBF1E7645A600AB1FFE /* Assets.xcassets in Resources */ = {isa = PBXBuildFile; fileRef = 51182CBE1E7645A600AB1FFE /* Assets.xcassets */; };
		51182CCD1E7645A600AB1FFE /* SuDaxiStudyPointDemoTests.m in Sources */ = {isa = PBXBuildFile; fileRef = 51182CCC1E7645A600AB1FFE /* SuDaxiStudyPointDemoTests.m */; };
		51182CD81E7645A600AB1FFE /* SuDaxiStudyPointDemoUITests.m in Sources */ = {isa = PBXBuildFile; fileRef = 51182CD71E7645A600AB1FFE /* SuDaxiStudyPointDemoUITests.m */; };
		51182CEC1E764C5E00AB1FFE /* LaunchScreen.storyboard in Resources */ = {isa = PBXBuildFile; fileRef = 51182CEB1E764C5E00AB1FFE /* LaunchScreen.storyboard */; };
		513BC5B21E8CE5F100643A5B /* UIButton+DXNextButton.m in Sources */ = {isa = PBXBuildFile; fileRef = 513BC5B11E8CE5F100643A5B /* UIButton+DXNextButton.m */; };
		513BC5B51E8CF09600643A5B /* DXCornerViewController.m in Sources */ = {isa = PBXBuildFile; fileRef = 513BC5B41E8CF09600643A5B /* DXCornerViewController.m */; };
		516450741E8B883F00113BD6 /* UIImage+image.m in Sources */ = {isa = PBXBuildFile; fileRef = 516450731E8B883F00113BD6 /* UIImage+image.m */; };
		516450771E8B885600113BD6 /* DXImage.m in Sources */ = {isa = PBXBuildFile; fileRef = 516450761E8B885600113BD6 /* DXImage.m */; };
		5164507A1E8BAA6F00113BD6 /* DXRuntimeAddMethodViewController.m in Sources */ = {isa = PBXBuildFile; fileRef = 516450791E8BAA6F00113BD6 /* DXRuntimeAddMethodViewController.m */; };
		5164507D1E8BB01100113BD6 /* Animals.m in Sources */ = {isa = PBXBuildFile; fileRef = 5164507C1E8BB01100113BD6 /* Animals.m */; };
		516450801E8BBB9F00113BD6 /* DXRuntimeAddPropertyViewController.m in Sources */ = {isa = PBXBuildFile; fileRef = 5164507F1E8BBB9F00113BD6 /* DXRuntimeAddPropertyViewController.m */; };
		516450831E8BBD2100113BD6 /* NSObject+Property.m in Sources */ = {isa = PBXBuildFile; fileRef = 516450821E8BBD2100113BD6 /* NSObject+Property.m */; };
		51B295051E778ECE000D4910 /* Person+PersonExtention.m in Sources */ = {isa = PBXBuildFile; fileRef = 51B295021E778ECE000D4910 /* Person+PersonExtention.m */; };
		51B295061E778ECE000D4910 /* Person.m in Sources */ = {isa = PBXBuildFile; fileRef = 51B295041E778ECE000D4910 /* Person.m */; };
		51B2950C1E778F05000D4910 /* ClickBtn.m in Sources */ = {isa = PBXBuildFile; fileRef = 51B295091E778F05000D4910 /* ClickBtn.m */; };
		51B2950D1E778F05000D4910 /* GCDViewController.m in Sources */ = {isa = PBXBuildFile; fileRef = 51B2950B1E778F05000D4910 /* GCDViewController.m */; };
		51CA467F1E7A3B2E00E7320D /* BaseViewController.m in Sources */ = {isa = PBXBuildFile; fileRef = 51CA466A1E7A3B2E00E7320D /* BaseViewController.m */; };
		51CA46801E7A3B2E00E7320D /* DXBlockViewController.m in Sources */ = {isa = PBXBuildFile; fileRef = 51CA466C1E7A3B2E00E7320D /* DXBlockViewController.m */; };
		51CA46821E7A3B2E00E7320D /* DXDataPersistenceViewController.m in Sources */ = {isa = PBXBuildFile; fileRef = 51CA46701E7A3B2E00E7320D /* DXDataPersistenceViewController.m */; };
		51CA46831E7A3B2E00E7320D /* DXDelegateViewController.m in Sources */ = {isa = PBXBuildFile; fileRef = 51CA46721E7A3B2E00E7320D /* DXDelegateViewController.m */; };
		51CA46841E7A3B2E00E7320D /* DXFMDBDispatchViewController.m in Sources */ = {isa = PBXBuildFile; fileRef = 51CA46741E7A3B2E00E7320D /* DXFMDBDispatchViewController.m */; };
		51CA46851E7A3B2E00E7320D /* DXFMDBViewController.m in Sources */ = {isa = PBXBuildFile; fileRef = 51CA46761E7A3B2E00E7320D /* DXFMDBViewController.m */; };
		51CA46861E7A3B2E00E7320D /* DXKVCViewController.m in Sources */ = {isa = PBXBuildFile; fileRef = 51CA46781E7A3B2E00E7320D /* DXKVCViewController.m */; };
		51CA46871E7A3B2E00E7320D /* DXKVOViewController.m in Sources */ = {isa = PBXBuildFile; fileRef = 51CA467A1E7A3B2E00E7320D /* DXKVOViewController.m */; };
		51CA46881E7A3B2E00E7320D /* DXNotificationViewController.m in Sources */ = {isa = PBXBuildFile; fileRef = 51CA467C1E7A3B2E00E7320D /* DXNotificationViewController.m */; };
		51CA46891E7A3B2E00E7320D /* DXViewController.m in Sources */ = {isa = PBXBuildFile; fileRef = 51CA467E1E7A3B2E00E7320D /* DXViewController.m */; };
		51CA46921E7A3DC500E7320D /* CoreData.framework in Frameworks */ = {isa = PBXBuildFile; fileRef = 51CA46911E7A3DC500E7320D /* CoreData.framework */; };
		51CA46D01E7A62B900E7320D /* UIView+ZR.m in Sources */ = {isa = PBXBuildFile; fileRef = 51CA46CF1E7A62B900E7320D /* UIView+ZR.m */; };
		51CA46F91E7A62C400E7320D /* FMDatabase.m in Sources */ = {isa = PBXBuildFile; fileRef = 51CA46D41E7A62C400E7320D /* FMDatabase.m */; };
		51CA46FA1E7A62C400E7320D /* FMDatabaseAdditions.m in Sources */ = {isa = PBXBuildFile; fileRef = 51CA46D61E7A62C400E7320D /* FMDatabaseAdditions.m */; };
		51CA46FB1E7A62C400E7320D /* FMDatabasePool.m in Sources */ = {isa = PBXBuildFile; fileRef = 51CA46D81E7A62C400E7320D /* FMDatabasePool.m */; };
		51CA46FC1E7A62C400E7320D /* FMDatabaseQueue.m in Sources */ = {isa = PBXBuildFile; fileRef = 51CA46DA1E7A62C400E7320D /* FMDatabaseQueue.m */; };
		51CA46FD1E7A62C400E7320D /* FMResultSet.m in Sources */ = {isa = PBXBuildFile; fileRef = 51CA46DD1E7A62C400E7320D /* FMResultSet.m */; };
		51CA46FE1E7A62C400E7320D /* Info.plist in Resources */ = {isa = PBXBuildFile; fileRef = 51CA46DE1E7A62C400E7320D /* Info.plist */; };
		51CA46FF1E7A62C400E7320D /* MASCompositeConstraint.m in Sources */ = {isa = PBXBuildFile; fileRef = 51CA46E11E7A62C400E7320D /* MASCompositeConstraint.m */; };
		51CA47001E7A62C400E7320D /* MASConstraint.m in Sources */ = {isa = PBXBuildFile; fileRef = 51CA46E41E7A62C400E7320D /* MASConstraint.m */; };
		51CA47011E7A62C400E7320D /* MASConstraintMaker.m in Sources */ = {isa = PBXBuildFile; fileRef = 51CA46E61E7A62C400E7320D /* MASConstraintMaker.m */; };
		51CA47021E7A62C400E7320D /* MASLayoutConstraint.m in Sources */ = {isa = PBXBuildFile; fileRef = 51CA46E81E7A62C400E7320D /* MASLayoutConstraint.m */; };
		51CA47031E7A62C400E7320D /* MASViewAttribute.m in Sources */ = {isa = PBXBuildFile; fileRef = 51CA46EC1E7A62C400E7320D /* MASViewAttribute.m */; };
		51CA47041E7A62C400E7320D /* MASViewConstraint.m in Sources */ = {isa = PBXBuildFile; fileRef = 51CA46EE1E7A62C400E7320D /* MASViewConstraint.m */; };
		51CA47051E7A62C400E7320D /* NSArray+MASAdditions.m in Sources */ = {isa = PBXBuildFile; fileRef = 51CA46F01E7A62C400E7320D /* NSArray+MASAdditions.m */; };
		51CA47061E7A62C400E7320D /* NSLayoutConstraint+MASDebugAdditions.m in Sources */ = {isa = PBXBuildFile; fileRef = 51CA46F31E7A62C400E7320D /* NSLayoutConstraint+MASDebugAdditions.m */; };
		51CA47071E7A62C400E7320D /* View+MASAdditions.m in Sources */ = {isa = PBXBuildFile; fileRef = 51CA46F51E7A62C400E7320D /* View+MASAdditions.m */; };
		51CA47081E7A62C400E7320D /* ViewController+MASAdditions.m in Sources */ = {isa = PBXBuildFile; fileRef = 51CA46F81E7A62C400E7320D /* ViewController+MASAdditions.m */; };
		51EAD4071E77F2F8003C870C /* libsqlite3.0.tbd in Frameworks */ = {isa = PBXBuildFile; fileRef = 51EAD4061E77F2F8003C870C /* libsqlite3.0.tbd */; };
		51EAD4091E77F306003C870C /* libsqlite3.tbd in Frameworks */ = {isa = PBXBuildFile; fileRef = 51EAD4081E77F306003C870C /* libsqlite3.tbd */; };
		5BEA6F2A1E8A951D00B40DE5 /* DXRuntimeMsgViewController.m in Sources */ = {isa = PBXBuildFile; fileRef = 5BEA6F291E8A951D00B40DE5 /* DXRuntimeMsgViewController.m */; };
		5BEA6F2D1E8A9A0800B40DE5 /* DXRuntimeExchangeViewController.m in Sources */ = {isa = PBXBuildFile; fileRef = 5BEA6F2C1E8A9A0800B40DE5 /* DXRuntimeExchangeViewController.m */; };
		5BEA6F361E8A9DB800B40DE5 /* NextClickView.m in Sources */ = {isa = PBXBuildFile; fileRef = 5BEA6F351E8A9DB800B40DE5 /* NextClickView.m */; };
/* End PBXBuildFile section */

/* Begin PBXContainerItemProxy section */
		51182CC91E7645A600AB1FFE /* PBXContainerItemProxy */ = {
			isa = PBXContainerItemProxy;
			containerPortal = 51182CA71E7645A600AB1FFE /* Project object */;
			proxyType = 1;
			remoteGlobalIDString = 51182CAE1E7645A600AB1FFE;
			remoteInfo = SuDaxiStudyPointDemo;
		};
		51182CD41E7645A600AB1FFE /* PBXContainerItemProxy */ = {
			isa = PBXContainerItemProxy;
			containerPortal = 51182CA71E7645A600AB1FFE /* Project object */;
			proxyType = 1;
			remoteGlobalIDString = 51182CAE1E7645A600AB1FFE;
			remoteInfo = SuDaxiStudyPointDemo;
		};
/* End PBXContainerItemProxy section */

/* Begin PBXFileReference section */
		51006DD71E8A6C7C00C6FD13 /* UIColor+image.h */ = {isa = PBXFileReference; fileEncoding = 4; lastKnownFileType = sourcecode.c.h; path = "UIColor+image.h"; sourceTree = "<group>"; };
		51006DD81E8A6C7C00C6FD13 /* UIColor+image.m */ = {isa = PBXFileReference; fileEncoding = 4; lastKnownFileType = sourcecode.c.objc; path = "UIColor+image.m"; sourceTree = "<group>"; };
		51006DDC1E8A6D0200C6FD13 /* UIViewController+DXNavgationBarItem.h */ = {isa = PBXFileReference; fileEncoding = 4; lastKnownFileType = sourcecode.c.h; path = "UIViewController+DXNavgationBarItem.h"; sourceTree = "<group>"; };
		51006DDD1E8A6D0200C6FD13 /* UIViewController+DXNavgationBarItem.m */ = {isa = PBXFileReference; fileEncoding = 4; lastKnownFileType = sourcecode.c.objc; path = "UIViewController+DXNavgationBarItem.m"; sourceTree = "<group>"; };
		51182CAF1E7645A600AB1FFE /* SuDaxiStudyPointDemo.app */ = {isa = PBXFileReference; explicitFileType = wrapper.application; includeInIndex = 0; path = SuDaxiStudyPointDemo.app; sourceTree = BUILT_PRODUCTS_DIR; };
		51182CB31E7645A600AB1FFE /* main.m */ = {isa = PBXFileReference; lastKnownFileType = sourcecode.c.objc; path = main.m; sourceTree = "<group>"; };
		51182CB51E7645A600AB1FFE /* AppDelegate.h */ = {isa = PBXFileReference; lastKnownFileType = sourcecode.c.h; path = AppDelegate.h; sourceTree = "<group>"; };
		51182CB61E7645A600AB1FFE /* AppDelegate.m */ = {isa = PBXFileReference; lastKnownFileType = sourcecode.c.objc; path = AppDelegate.m; sourceTree = "<group>"; };
		51182CBC1E7645A600AB1FFE /* Base */ = {isa = PBXFileReference; lastKnownFileType = file.storyboard; name = Base; path = Base.lproj/Main.storyboard; sourceTree = "<group>"; };
		51182CBE1E7645A600AB1FFE /* Assets.xcassets */ = {isa = PBXFileReference; lastKnownFileType = folder.assetcatalog; path = Assets.xcassets; sourceTree = "<group>"; };
		51182CC31E7645A600AB1FFE /* Info.plist */ = {isa = PBXFileReference; lastKnownFileType = text.plist.xml; path = Info.plist; sourceTree = "<group>"; };
		51182CC81E7645A600AB1FFE /* SuDaxiStudyPointDemoTests.xctest */ = {isa = PBXFileReference; explicitFileType = wrapper.cfbundle; includeInIndex = 0; path = SuDaxiStudyPointDemoTests.xctest; sourceTree = BUILT_PRODUCTS_DIR; };
		51182CCC1E7645A600AB1FFE /* SuDaxiStudyPointDemoTests.m */ = {isa = PBXFileReference; lastKnownFileType = sourcecode.c.objc; path = SuDaxiStudyPointDemoTests.m; sourceTree = "<group>"; };
		51182CCE1E7645A600AB1FFE /* Info.plist */ = {isa = PBXFileReference; lastKnownFileType = text.plist.xml; path = Info.plist; sourceTree = "<group>"; };
		51182CD31E7645A600AB1FFE /* SuDaxiStudyPointDemoUITests.xctest */ = {isa = PBXFileReference; explicitFileType = wrapper.cfbundle; includeInIndex = 0; path = SuDaxiStudyPointDemoUITests.xctest; sourceTree = BUILT_PRODUCTS_DIR; };
		51182CD71E7645A600AB1FFE /* SuDaxiStudyPointDemoUITests.m */ = {isa = PBXFileReference; lastKnownFileType = sourcecode.c.objc; path = SuDaxiStudyPointDemoUITests.m; sourceTree = "<group>"; };
		51182CD91E7645A600AB1FFE /* Info.plist */ = {isa = PBXFileReference; lastKnownFileType = text.plist.xml; path = Info.plist; sourceTree = "<group>"; };
		51182CEB1E764C5E00AB1FFE /* LaunchScreen.storyboard */ = {isa = PBXFileReference; fileEncoding = 4; lastKnownFileType = file.storyboard; path = LaunchScreen.storyboard; sourceTree = "<group>"; };
		513BC5B01E8CE5F100643A5B /* UIButton+DXNextButton.h */ = {isa = PBXFileReference; fileEncoding = 4; lastKnownFileType = sourcecode.c.h; path = "UIButton+DXNextButton.h"; sourceTree = "<group>"; };
		513BC5B11E8CE5F100643A5B /* UIButton+DXNextButton.m */ = {isa = PBXFileReference; fileEncoding = 4; lastKnownFileType = sourcecode.c.objc; path = "UIButton+DXNextButton.m"; sourceTree = "<group>"; };
		513BC5B31E8CF09600643A5B /* DXCornerViewController.h */ = {isa = PBXFileReference; fileEncoding = 4; lastKnownFileType = sourcecode.c.h; path = DXCornerViewController.h; sourceTree = "<group>"; };
		513BC5B41E8CF09600643A5B /* DXCornerViewController.m */ = {isa = PBXFileReference; fileEncoding = 4; lastKnownFileType = sourcecode.c.objc; path = DXCornerViewController.m; sourceTree = "<group>"; };
		516450721E8B883F00113BD6 /* UIImage+image.h */ = {isa = PBXFileReference; fileEncoding = 4; lastKnownFileType = sourcecode.c.h; path = "UIImage+image.h"; sourceTree = "<group>"; };
		516450731E8B883F00113BD6 /* UIImage+image.m */ = {isa = PBXFileReference; fileEncoding = 4; lastKnownFileType = sourcecode.c.objc; path = "UIImage+image.m"; sourceTree = "<group>"; };
		516450751E8B885600113BD6 /* DXImage.h */ = {isa = PBXFileReference; fileEncoding = 4; lastKnownFileType = sourcecode.c.h; path = DXImage.h; sourceTree = "<group>"; };
		516450761E8B885600113BD6 /* DXImage.m */ = {isa = PBXFileReference; fileEncoding = 4; lastKnownFileType = sourcecode.c.objc; path = DXImage.m; sourceTree = "<group>"; };
		516450781E8BAA6F00113BD6 /* DXRuntimeAddMethodViewController.h */ = {isa = PBXFileReference; fileEncoding = 4; lastKnownFileType = sourcecode.c.h; path = DXRuntimeAddMethodViewController.h; sourceTree = "<group>"; };
		516450791E8BAA6F00113BD6 /* DXRuntimeAddMethodViewController.m */ = {isa = PBXFileReference; fileEncoding = 4; lastKnownFileType = sourcecode.c.objc; path = DXRuntimeAddMethodViewController.m; sourceTree = "<group>"; };
		5164507B1E8BB01100113BD6 /* Animals.h */ = {isa = PBXFileReference; fileEncoding = 4; lastKnownFileType = sourcecode.c.h; path = Animals.h; sourceTree = "<group>"; };
		5164507C1E8BB01100113BD6 /* Animals.m */ = {isa = PBXFileReference; fileEncoding = 4; lastKnownFileType = sourcecode.c.objc; path = Animals.m; sourceTree = "<group>"; };
		5164507E1E8BBB9F00113BD6 /* DXRuntimeAddPropertyViewController.h */ = {isa = PBXFileReference; fileEncoding = 4; lastKnownFileType = sourcecode.c.h; path = DXRuntimeAddPropertyViewController.h; sourceTree = "<group>"; };
		5164507F1E8BBB9F00113BD6 /* DXRuntimeAddPropertyViewController.m */ = {isa = PBXFileReference; fileEncoding = 4; lastKnownFileType = sourcecode.c.objc; path = DXRuntimeAddPropertyViewController.m; sourceTree = "<group>"; };
		516450811E8BBD2100113BD6 /* NSObject+Property.h */ = {isa = PBXFileReference; fileEncoding = 4; lastKnownFileType = sourcecode.c.h; path = "NSObject+Property.h"; sourceTree = "<group>"; };
		516450821E8BBD2100113BD6 /* NSObject+Property.m */ = {isa = PBXFileReference; fileEncoding = 4; lastKnownFileType = sourcecode.c.objc; path = "NSObject+Property.m"; sourceTree = "<group>"; };
		51B295011E778ECE000D4910 /* Person+PersonExtention.h */ = {isa = PBXFileReference; fileEncoding = 4; lastKnownFileType = sourcecode.c.h; path = "Person+PersonExtention.h"; sourceTree = "<group>"; };
		51B295021E778ECE000D4910 /* Person+PersonExtention.m */ = {isa = PBXFileReference; fileEncoding = 4; lastKnownFileType = sourcecode.c.objc; path = "Person+PersonExtention.m"; sourceTree = "<group>"; };
		51B295031E778ECE000D4910 /* Person.h */ = {isa = PBXFileReference; fileEncoding = 4; lastKnownFileType = sourcecode.c.h; path = Person.h; sourceTree = "<group>"; };
		51B295041E778ECE000D4910 /* Person.m */ = {isa = PBXFileReference; fileEncoding = 4; lastKnownFileType = sourcecode.c.objc; path = Person.m; sourceTree = "<group>"; };
		51B295081E778F05000D4910 /* ClickBtn.h */ = {isa = PBXFileReference; fileEncoding = 4; lastKnownFileType = sourcecode.c.h; path = ClickBtn.h; sourceTree = "<group>"; };
		51B295091E778F05000D4910 /* ClickBtn.m */ = {isa = PBXFileReference; fileEncoding = 4; lastKnownFileType = sourcecode.c.objc; path = ClickBtn.m; sourceTree = "<group>"; };
		51B2950A1E778F05000D4910 /* GCDViewController.h */ = {isa = PBXFileReference; fileEncoding = 4; lastKnownFileType = sourcecode.c.h; path = GCDViewController.h; sourceTree = "<group>"; };
		51B2950B1E778F05000D4910 /* GCDViewController.m */ = {isa = PBXFileReference; fileEncoding = 4; lastKnownFileType = sourcecode.c.objc; path = GCDViewController.m; sourceTree = "<group>"; };
		51CA46691E7A3B2E00E7320D /* BaseViewController.h */ = {isa = PBXFileReference; fileEncoding = 4; lastKnownFileType = sourcecode.c.h; path = BaseViewController.h; sourceTree = "<group>"; };
		51CA466A1E7A3B2E00E7320D /* BaseViewController.m */ = {isa = PBXFileReference; fileEncoding = 4; lastKnownFileType = sourcecode.c.objc; path = BaseViewController.m; sourceTree = "<group>"; };
		51CA466B1E7A3B2E00E7320D /* DXBlockViewController.h */ = {isa = PBXFileReference; fileEncoding = 4; lastKnownFileType = sourcecode.c.h; path = DXBlockViewController.h; sourceTree = "<group>"; };
		51CA466C1E7A3B2E00E7320D /* DXBlockViewController.m */ = {isa = PBXFileReference; fileEncoding = 4; lastKnownFileType = sourcecode.c.objc; path = DXBlockViewController.m; sourceTree = "<group>"; };
		51CA466F1E7A3B2E00E7320D /* DXDataPersistenceViewController.h */ = {isa = PBXFileReference; fileEncoding = 4; lastKnownFileType = sourcecode.c.h; path = DXDataPersistenceViewController.h; sourceTree = "<group>"; };
		51CA46701E7A3B2E00E7320D /* DXDataPersistenceViewController.m */ = {isa = PBXFileReference; fileEncoding = 4; lastKnownFileType = sourcecode.c.objc; path = DXDataPersistenceViewController.m; sourceTree = "<group>"; };
		51CA46711E7A3B2E00E7320D /* DXDelegateViewController.h */ = {isa = PBXFileReference; fileEncoding = 4; lastKnownFileType = sourcecode.c.h; path = DXDelegateViewController.h; sourceTree = "<group>"; };
		51CA46721E7A3B2E00E7320D /* DXDelegateViewController.m */ = {isa = PBXFileReference; fileEncoding = 4; lastKnownFileType = sourcecode.c.objc; path = DXDelegateViewController.m; sourceTree = "<group>"; };
		51CA46731E7A3B2E00E7320D /* DXFMDBDispatchViewController.h */ = {isa = PBXFileReference; fileEncoding = 4; lastKnownFileType = sourcecode.c.h; path = DXFMDBDispatchViewController.h; sourceTree = "<group>"; };
		51CA46741E7A3B2E00E7320D /* DXFMDBDispatchViewController.m */ = {isa = PBXFileReference; fileEncoding = 4; lastKnownFileType = sourcecode.c.objc; path = DXFMDBDispatchViewController.m; sourceTree = "<group>"; };
		51CA46751E7A3B2E00E7320D /* DXFMDBViewController.h */ = {isa = PBXFileReference; fileEncoding = 4; lastKnownFileType = sourcecode.c.h; path = DXFMDBViewController.h; sourceTree = "<group>"; };
		51CA46761E7A3B2E00E7320D /* DXFMDBViewController.m */ = {isa = PBXFileReference; fileEncoding = 4; lastKnownFileType = sourcecode.c.objc; path = DXFMDBViewController.m; sourceTree = "<group>"; };
		51CA46771E7A3B2E00E7320D /* DXKVCViewController.h */ = {isa = PBXFileReference; fileEncoding = 4; lastKnownFileType = sourcecode.c.h; path = DXKVCViewController.h; sourceTree = "<group>"; };
		51CA46781E7A3B2E00E7320D /* DXKVCViewController.m */ = {isa = PBXFileReference; fileEncoding = 4; lastKnownFileType = sourcecode.c.objc; path = DXKVCViewController.m; sourceTree = "<group>"; };
		51CA46791E7A3B2E00E7320D /* DXKVOViewController.h */ = {isa = PBXFileReference; fileEncoding = 4; lastKnownFileType = sourcecode.c.h; path = DXKVOViewController.h; sourceTree = "<group>"; };
		51CA467A1E7A3B2E00E7320D /* DXKVOViewController.m */ = {isa = PBXFileReference; fileEncoding = 4; lastKnownFileType = sourcecode.c.objc; path = DXKVOViewController.m; sourceTree = "<group>"; };
		51CA467B1E7A3B2E00E7320D /* DXNotificationViewController.h */ = {isa = PBXFileReference; fileEncoding = 4; lastKnownFileType = sourcecode.c.h; path = DXNotificationViewController.h; sourceTree = "<group>"; };
		51CA467C1E7A3B2E00E7320D /* DXNotificationViewController.m */ = {isa = PBXFileReference; fileEncoding = 4; lastKnownFileType = sourcecode.c.objc; path = DXNotificationViewController.m; sourceTree = "<group>"; };
		51CA467D1E7A3B2E00E7320D /* DXViewController.h */ = {isa = PBXFileReference; fileEncoding = 4; lastKnownFileType = sourcecode.c.h; path = DXViewController.h; sourceTree = "<group>"; };
		51CA467E1E7A3B2E00E7320D /* DXViewController.m */ = {isa = PBXFileReference; fileEncoding = 4; lastKnownFileType = sourcecode.c.objc; path = DXViewController.m; sourceTree = "<group>"; };
		51CA46911E7A3DC500E7320D /* CoreData.framework */ = {isa = PBXFileReference; lastKnownFileType = wrapper.framework; name = CoreData.framework; path = System/Library/Frameworks/CoreData.framework; sourceTree = SDKROOT; };
		51CA46CE1E7A62B900E7320D /* UIView+ZR.h */ = {isa = PBXFileReference; fileEncoding = 4; lastKnownFileType = sourcecode.c.h; path = "UIView+ZR.h"; sourceTree = "<group>"; };
		51CA46CF1E7A62B900E7320D /* UIView+ZR.m */ = {isa = PBXFileReference; fileEncoding = 4; lastKnownFileType = sourcecode.c.objc; path = "UIView+ZR.m"; sourceTree = "<group>"; };
		51CA46D31E7A62C400E7320D /* FMDatabase.h */ = {isa = PBXFileReference; fileEncoding = 4; lastKnownFileType = sourcecode.c.h; path = FMDatabase.h; sourceTree = "<group>"; };
		51CA46D41E7A62C400E7320D /* FMDatabase.m */ = {isa = PBXFileReference; fileEncoding = 4; lastKnownFileType = sourcecode.c.objc; path = FMDatabase.m; sourceTree = "<group>"; };
		51CA46D51E7A62C400E7320D /* FMDatabaseAdditions.h */ = {isa = PBXFileReference; fileEncoding = 4; lastKnownFileType = sourcecode.c.h; path = FMDatabaseAdditions.h; sourceTree = "<group>"; };
		51CA46D61E7A62C400E7320D /* FMDatabaseAdditions.m */ = {isa = PBXFileReference; fileEncoding = 4; lastKnownFileType = sourcecode.c.objc; path = FMDatabaseAdditions.m; sourceTree = "<group>"; };
		51CA46D71E7A62C400E7320D /* FMDatabasePool.h */ = {isa = PBXFileReference; fileEncoding = 4; lastKnownFileType = sourcecode.c.h; path = FMDatabasePool.h; sourceTree = "<group>"; };
		51CA46D81E7A62C400E7320D /* FMDatabasePool.m */ = {isa = PBXFileReference; fileEncoding = 4; lastKnownFileType = sourcecode.c.objc; path = FMDatabasePool.m; sourceTree = "<group>"; };
		51CA46D91E7A62C400E7320D /* FMDatabaseQueue.h */ = {isa = PBXFileReference; fileEncoding = 4; lastKnownFileType = sourcecode.c.h; path = FMDatabaseQueue.h; sourceTree = "<group>"; };
		51CA46DA1E7A62C400E7320D /* FMDatabaseQueue.m */ = {isa = PBXFileReference; fileEncoding = 4; lastKnownFileType = sourcecode.c.objc; path = FMDatabaseQueue.m; sourceTree = "<group>"; };
		51CA46DB1E7A62C400E7320D /* FMDB.h */ = {isa = PBXFileReference; fileEncoding = 4; lastKnownFileType = sourcecode.c.h; path = FMDB.h; sourceTree = "<group>"; };
		51CA46DC1E7A62C400E7320D /* FMResultSet.h */ = {isa = PBXFileReference; fileEncoding = 4; lastKnownFileType = sourcecode.c.h; path = FMResultSet.h; sourceTree = "<group>"; };
		51CA46DD1E7A62C400E7320D /* FMResultSet.m */ = {isa = PBXFileReference; fileEncoding = 4; lastKnownFileType = sourcecode.c.objc; path = FMResultSet.m; sourceTree = "<group>"; };
		51CA46DE1E7A62C400E7320D /* Info.plist */ = {isa = PBXFileReference; fileEncoding = 4; lastKnownFileType = text.plist.xml; path = Info.plist; sourceTree = "<group>"; };
		51CA46E01E7A62C400E7320D /* MASCompositeConstraint.h */ = {isa = PBXFileReference; fileEncoding = 4; lastKnownFileType = sourcecode.c.h; path = MASCompositeConstraint.h; sourceTree = "<group>"; };
		51CA46E11E7A62C400E7320D /* MASCompositeConstraint.m */ = {isa = PBXFileReference; fileEncoding = 4; lastKnownFileType = sourcecode.c.objc; path = MASCompositeConstraint.m; sourceTree = "<group>"; };
		51CA46E21E7A62C400E7320D /* MASConstraint+Private.h */ = {isa = PBXFileReference; fileEncoding = 4; lastKnownFileType = sourcecode.c.h; path = "MASConstraint+Private.h"; sourceTree = "<group>"; };
		51CA46E31E7A62C400E7320D /* MASConstraint.h */ = {isa = PBXFileReference; fileEncoding = 4; lastKnownFileType = sourcecode.c.h; path = MASConstraint.h; sourceTree = "<group>"; };
		51CA46E41E7A62C400E7320D /* MASConstraint.m */ = {isa = PBXFileReference; fileEncoding = 4; lastKnownFileType = sourcecode.c.objc; path = MASConstraint.m; sourceTree = "<group>"; };
		51CA46E51E7A62C400E7320D /* MASConstraintMaker.h */ = {isa = PBXFileReference; fileEncoding = 4; lastKnownFileType = sourcecode.c.h; path = MASConstraintMaker.h; sourceTree = "<group>"; };
		51CA46E61E7A62C400E7320D /* MASConstraintMaker.m */ = {isa = PBXFileReference; fileEncoding = 4; lastKnownFileType = sourcecode.c.objc; path = MASConstraintMaker.m; sourceTree = "<group>"; };
		51CA46E71E7A62C400E7320D /* MASLayoutConstraint.h */ = {isa = PBXFileReference; fileEncoding = 4; lastKnownFileType = sourcecode.c.h; path = MASLayoutConstraint.h; sourceTree = "<group>"; };
		51CA46E81E7A62C400E7320D /* MASLayoutConstraint.m */ = {isa = PBXFileReference; fileEncoding = 4; lastKnownFileType = sourcecode.c.objc; path = MASLayoutConstraint.m; sourceTree = "<group>"; };
		51CA46E91E7A62C400E7320D /* Masonry.h */ = {isa = PBXFileReference; fileEncoding = 4; lastKnownFileType = sourcecode.c.h; path = Masonry.h; sourceTree = "<group>"; };
		51CA46EA1E7A62C400E7320D /* MASUtilities.h */ = {isa = PBXFileReference; fileEncoding = 4; lastKnownFileType = sourcecode.c.h; path = MASUtilities.h; sourceTree = "<group>"; };
		51CA46EB1E7A62C400E7320D /* MASViewAttribute.h */ = {isa = PBXFileReference; fileEncoding = 4; lastKnownFileType = sourcecode.c.h; path = MASViewAttribute.h; sourceTree = "<group>"; };
		51CA46EC1E7A62C400E7320D /* MASViewAttribute.m */ = {isa = PBXFileReference; fileEncoding = 4; lastKnownFileType = sourcecode.c.objc; path = MASViewAttribute.m; sourceTree = "<group>"; };
		51CA46ED1E7A62C400E7320D /* MASViewConstraint.h */ = {isa = PBXFileReference; fileEncoding = 4; lastKnownFileType = sourcecode.c.h; path = MASViewConstraint.h; sourceTree = "<group>"; };
		51CA46EE1E7A62C400E7320D /* MASViewConstraint.m */ = {isa = PBXFileReference; fileEncoding = 4; lastKnownFileType = sourcecode.c.objc; path = MASViewConstraint.m; sourceTree = "<group>"; };
		51CA46EF1E7A62C400E7320D /* NSArray+MASAdditions.h */ = {isa = PBXFileReference; fileEncoding = 4; lastKnownFileType = sourcecode.c.h; path = "NSArray+MASAdditions.h"; sourceTree = "<group>"; };
		51CA46F01E7A62C400E7320D /* NSArray+MASAdditions.m */ = {isa = PBXFileReference; fileEncoding = 4; lastKnownFileType = sourcecode.c.objc; path = "NSArray+MASAdditions.m"; sourceTree = "<group>"; };
		51CA46F11E7A62C400E7320D /* NSArray+MASShorthandAdditions.h */ = {isa = PBXFileReference; fileEncoding = 4; lastKnownFileType = sourcecode.c.h; path = "NSArray+MASShorthandAdditions.h"; sourceTree = "<group>"; };
		51CA46F21E7A62C400E7320D /* NSLayoutConstraint+MASDebugAdditions.h */ = {isa = PBXFileReference; fileEncoding = 4; lastKnownFileType = sourcecode.c.h; path = "NSLayoutConstraint+MASDebugAdditions.h"; sourceTree = "<group>"; };
		51CA46F31E7A62C400E7320D /* NSLayoutConstraint+MASDebugAdditions.m */ = {isa = PBXFileReference; fileEncoding = 4; lastKnownFileType = sourcecode.c.objc; path = "NSLayoutConstraint+MASDebugAdditions.m"; sourceTree = "<group>"; };
		51CA46F41E7A62C400E7320D /* View+MASAdditions.h */ = {isa = PBXFileReference; fileEncoding = 4; lastKnownFileType = sourcecode.c.h; path = "View+MASAdditions.h"; sourceTree = "<group>"; };
		51CA46F51E7A62C400E7320D /* View+MASAdditions.m */ = {isa = PBXFileReference; fileEncoding = 4; lastKnownFileType = sourcecode.c.objc; path = "View+MASAdditions.m"; sourceTree = "<group>"; };
		51CA46F61E7A62C400E7320D /* View+MASShorthandAdditions.h */ = {isa = PBXFileReference; fileEncoding = 4; lastKnownFileType = sourcecode.c.h; path = "View+MASShorthandAdditions.h"; sourceTree = "<group>"; };
		51CA46F71E7A62C400E7320D /* ViewController+MASAdditions.h */ = {isa = PBXFileReference; fileEncoding = 4; lastKnownFileType = sourcecode.c.h; path = "ViewController+MASAdditions.h"; sourceTree = "<group>"; };
		51CA46F81E7A62C400E7320D /* ViewController+MASAdditions.m */ = {isa = PBXFileReference; fileEncoding = 4; lastKnownFileType = sourcecode.c.objc; path = "ViewController+MASAdditions.m"; sourceTree = "<group>"; };
		51EAD4061E77F2F8003C870C /* libsqlite3.0.tbd */ = {isa = PBXFileReference; lastKnownFileType = "sourcecode.text-based-dylib-definition"; name = libsqlite3.0.tbd; path = usr/lib/libsqlite3.0.tbd; sourceTree = SDKROOT; };
		51EAD4081E77F306003C870C /* libsqlite3.tbd */ = {isa = PBXFileReference; lastKnownFileType = "sourcecode.text-based-dylib-definition"; name = libsqlite3.tbd; path = usr/lib/libsqlite3.tbd; sourceTree = SDKROOT; };
		5B45FEDE1E86C9560022204F /* DXProject-Prefix.pch */ = {isa = PBXFileReference; lastKnownFileType = sourcecode.c.h; path = "DXProject-Prefix.pch"; sourceTree = "<group>"; };
		5BEA6F281E8A951D00B40DE5 /* DXRuntimeMsgViewController.h */ = {isa = PBXFileReference; fileEncoding = 4; lastKnownFileType = sourcecode.c.h; path = DXRuntimeMsgViewController.h; sourceTree = "<group>"; };
		5BEA6F291E8A951D00B40DE5 /* DXRuntimeMsgViewController.m */ = {isa = PBXFileReference; fileEncoding = 4; lastKnownFileType = sourcecode.c.objc; path = DXRuntimeMsgViewController.m; sourceTree = "<group>"; };
		5BEA6F2B1E8A9A0800B40DE5 /* DXRuntimeExchangeViewController.h */ = {isa = PBXFileReference; fileEncoding = 4; lastKnownFileType = sourcecode.c.h; path = DXRuntimeExchangeViewController.h; sourceTree = "<group>"; };
		5BEA6F2C1E8A9A0800B40DE5 /* DXRuntimeExchangeViewController.m */ = {isa = PBXFileReference; fileEncoding = 4; lastKnownFileType = sourcecode.c.objc; path = DXRuntimeExchangeViewController.m; sourceTree = "<group>"; };
		5BEA6F341E8A9DB800B40DE5 /* NextClickView.h */ = {isa = PBXFileReference; fileEncoding = 4; lastKnownFileType = sourcecode.c.h; path = NextClickView.h; sourceTree = "<group>"; };
		5BEA6F351E8A9DB800B40DE5 /* NextClickView.m */ = {isa = PBXFileReference; fileEncoding = 4; lastKnownFileType = sourcecode.c.objc; path = NextClickView.m; sourceTree = "<group>"; };
/* End PBXFileReference section */

/* Begin PBXFrameworksBuildPhase section */
		51182CAC1E7645A600AB1FFE /* Frameworks */ = {
			isa = PBXFrameworksBuildPhase;
			buildActionMask = 2147483647;
			files = (
				51CA46921E7A3DC500E7320D /* CoreData.framework in Frameworks */,
				51EAD4091E77F306003C870C /* libsqlite3.tbd in Frameworks */,
				51EAD4071E77F2F8003C870C /* libsqlite3.0.tbd in Frameworks */,
			);
			runOnlyForDeploymentPostprocessing = 0;
		};
		51182CC51E7645A600AB1FFE /* Frameworks */ = {
			isa = PBXFrameworksBuildPhase;
			buildActionMask = 2147483647;
			files = (
			);
			runOnlyForDeploymentPostprocessing = 0;
		};
		51182CD01E7645A600AB1FFE /* Frameworks */ = {
			isa = PBXFrameworksBuildPhase;
			buildActionMask = 2147483647;
			files = (
			);
			runOnlyForDeploymentPostprocessing = 0;
		};
/* End PBXFrameworksBuildPhase section */

/* Begin PBXGroup section */
		51182CA61E7645A600AB1FFE = {
			isa = PBXGroup;
			children = (
				51182CB11E7645A600AB1FFE /* SuDaxiStudyPointDemo */,
				51182CCB1E7645A600AB1FFE /* SuDaxiStudyPointDemoTests */,
				51182CD61E7645A600AB1FFE /* SuDaxiStudyPointDemoUITests */,
				51EAD4051E77F2F8003C870C /* Frameworks */,
			);
			sourceTree = "<group>";
		};
		51182CB01E7645A600AB1FFE /* Products */ = {
			isa = PBXGroup;
			children = (
				51182CAF1E7645A600AB1FFE /* SuDaxiStudyPointDemo.app */,
				51182CC81E7645A600AB1FFE /* SuDaxiStudyPointDemoTests.xctest */,
				51182CD31E7645A600AB1FFE /* SuDaxiStudyPointDemoUITests.xctest */,
			);
			name = Products;
			path = ..;
			sourceTree = "<group>";
		};
		51182CB11E7645A600AB1FFE /* SuDaxiStudyPointDemo */ = {
			isa = PBXGroup;
			children = (
				5BEA6F271E8A94FA00B40DE5 /* DXRuntime */,
				51CA46D11E7A62C400E7320D /* ThirPod */,
				51182CB51E7645A600AB1FFE /* AppDelegate.h */,
				51182CB61E7645A600AB1FFE /* AppDelegate.m */,
				51CA46681E7A3B2E00E7320D /* ViewController */,
				51B295001E778ECE000D4910 /* Category */,
				51B295071E778F05000D4910 /* GCD */,
				51182CBB1E7645A600AB1FFE /* Main.storyboard */,
				51182CBE1E7645A600AB1FFE /* Assets.xcassets */,
				5B45FEDE1E86C9560022204F /* DXProject-Prefix.pch */,
				51182CEB1E764C5E00AB1FFE /* LaunchScreen.storyboard */,
				51182CC31E7645A600AB1FFE /* Info.plist */,
				51182CB01E7645A600AB1FFE /* Products */,
				51182CB21E7645A600AB1FFE /* Supporting Files */,
			);
			path = SuDaxiStudyPointDemo;
			sourceTree = "<group>";
		};
		51182CB21E7645A600AB1FFE /* Supporting Files */ = {
			isa = PBXGroup;
			children = (
				51182CB31E7645A600AB1FFE /* main.m */,
			);
			name = "Supporting Files";
			sourceTree = "<group>";
		};
		51182CCB1E7645A600AB1FFE /* SuDaxiStudyPointDemoTests */ = {
			isa = PBXGroup;
			children = (
				51182CCC1E7645A600AB1FFE /* SuDaxiStudyPointDemoTests.m */,
				51182CCE1E7645A600AB1FFE /* Info.plist */,
			);
			path = SuDaxiStudyPointDemoTests;
			sourceTree = "<group>";
		};
		51182CD61E7645A600AB1FFE /* SuDaxiStudyPointDemoUITests */ = {
			isa = PBXGroup;
			children = (
				51182CD71E7645A600AB1FFE /* SuDaxiStudyPointDemoUITests.m */,
				51182CD91E7645A600AB1FFE /* Info.plist */,
			);
			path = SuDaxiStudyPointDemoUITests;
			sourceTree = "<group>";
		};
		51B295001E778ECE000D4910 /* Category */ = {
			isa = PBXGroup;
			children = (
				51006DDC1E8A6D0200C6FD13 /* UIViewController+DXNavgationBarItem.h */,
				51006DDD1E8A6D0200C6FD13 /* UIViewController+DXNavgationBarItem.m */,
				51CA46CE1E7A62B900E7320D /* UIView+ZR.h */,
				51CA46CF1E7A62B900E7320D /* UIView+ZR.m */,
				51006DD71E8A6C7C00C6FD13 /* UIColor+image.h */,
				51006DD81E8A6C7C00C6FD13 /* UIColor+image.m */,
				51B295011E778ECE000D4910 /* Person+PersonExtention.h */,
				51B295021E778ECE000D4910 /* Person+PersonExtention.m */,
				51B295031E778ECE000D4910 /* Person.h */,
				51B295041E778ECE000D4910 /* Person.m */,
				5BEA6F341E8A9DB800B40DE5 /* NextClickView.h */,
				5BEA6F351E8A9DB800B40DE5 /* NextClickView.m */,
				513BC5B01E8CE5F100643A5B /* UIButton+DXNextButton.h */,
				513BC5B11E8CE5F100643A5B /* UIButton+DXNextButton.m */,
			);
			path = Category;
			sourceTree = "<group>";
		};
		51B295071E778F05000D4910 /* GCD */ = {
			isa = PBXGroup;
			children = (
				51B295081E778F05000D4910 /* ClickBtn.h */,
				51B295091E778F05000D4910 /* ClickBtn.m */,
				51B2950A1E778F05000D4910 /* GCDViewController.h */,
				51B2950B1E778F05000D4910 /* GCDViewController.m */,
			);
			path = GCD;
			sourceTree = "<group>";
		};
		51CA46681E7A3B2E00E7320D /* ViewController */ = {
			isa = PBXGroup;
			children = (
				51CA46691E7A3B2E00E7320D /* BaseViewController.h */,
				51CA466A1E7A3B2E00E7320D /* BaseViewController.m */,
				51CA467D1E7A3B2E00E7320D /* DXViewController.h */,
				51CA467E1E7A3B2E00E7320D /* DXViewController.m */,
				51CA466B1E7A3B2E00E7320D /* DXBlockViewController.h */,
				51CA466C1E7A3B2E00E7320D /* DXBlockViewController.m */,
				51CA46711E7A3B2E00E7320D /* DXDelegateViewController.h */,
				51CA46721E7A3B2E00E7320D /* DXDelegateViewController.m */,
				51CA467B1E7A3B2E00E7320D /* DXNotificationViewController.h */,
				51CA467C1E7A3B2E00E7320D /* DXNotificationViewController.m */,
				51CA46791E7A3B2E00E7320D /* DXKVOViewController.h */,
				51CA467A1E7A3B2E00E7320D /* DXKVOViewController.m */,
				51CA46771E7A3B2E00E7320D /* DXKVCViewController.h */,
				51CA46781E7A3B2E00E7320D /* DXKVCViewController.m */,
				51CA466F1E7A3B2E00E7320D /* DXDataPersistenceViewController.h */,
				51CA46701E7A3B2E00E7320D /* DXDataPersistenceViewController.m */,
				51CA46751E7A3B2E00E7320D /* DXFMDBViewController.h */,
				51CA46761E7A3B2E00E7320D /* DXFMDBViewController.m */,
				51CA46731E7A3B2E00E7320D /* DXFMDBDispatchViewController.h */,
				51CA46741E7A3B2E00E7320D /* DXFMDBDispatchViewController.m */,
				513BC5B31E8CF09600643A5B /* DXCornerViewController.h */,
				513BC5B41E8CF09600643A5B /* DXCornerViewController.m */,
			);
			path = ViewController;
			sourceTree = "<group>";
		};
		51CA46D11E7A62C400E7320D /* ThirPod */ = {
			isa = PBXGroup;
			children = (
				51CA46D21E7A62C400E7320D /* fmdb */,
				51CA46DF1E7A62C400E7320D /* Masonry */,
			);
			path = ThirPod;
			sourceTree = "<group>";
		};
		51CA46D21E7A62C400E7320D /* fmdb */ = {
			isa = PBXGroup;
			children = (
				51CA46D31E7A62C400E7320D /* FMDatabase.h */,
				51CA46D41E7A62C400E7320D /* FMDatabase.m */,
				51CA46D51E7A62C400E7320D /* FMDatabaseAdditions.h */,
				51CA46D61E7A62C400E7320D /* FMDatabaseAdditions.m */,
				51CA46D71E7A62C400E7320D /* FMDatabasePool.h */,
				51CA46D81E7A62C400E7320D /* FMDatabasePool.m */,
				51CA46D91E7A62C400E7320D /* FMDatabaseQueue.h */,
				51CA46DA1E7A62C400E7320D /* FMDatabaseQueue.m */,
				51CA46DB1E7A62C400E7320D /* FMDB.h */,
				51CA46DC1E7A62C400E7320D /* FMResultSet.h */,
				51CA46DD1E7A62C400E7320D /* FMResultSet.m */,
				51CA46DE1E7A62C400E7320D /* Info.plist */,
			);
			path = fmdb;
			sourceTree = "<group>";
		};
		51CA46DF1E7A62C400E7320D /* Masonry */ = {
			isa = PBXGroup;
			children = (
				51CA46E01E7A62C400E7320D /* MASCompositeConstraint.h */,
				51CA46E11E7A62C400E7320D /* MASCompositeConstraint.m */,
				51CA46E21E7A62C400E7320D /* MASConstraint+Private.h */,
				51CA46E31E7A62C400E7320D /* MASConstraint.h */,
				51CA46E41E7A62C400E7320D /* MASConstraint.m */,
				51CA46E51E7A62C400E7320D /* MASConstraintMaker.h */,
				51CA46E61E7A62C400E7320D /* MASConstraintMaker.m */,
				51CA46E71E7A62C400E7320D /* MASLayoutConstraint.h */,
				51CA46E81E7A62C400E7320D /* MASLayoutConstraint.m */,
				51CA46E91E7A62C400E7320D /* Masonry.h */,
				51CA46EA1E7A62C400E7320D /* MASUtilities.h */,
				51CA46EB1E7A62C400E7320D /* MASViewAttribute.h */,
				51CA46EC1E7A62C400E7320D /* MASViewAttribute.m */,
				51CA46ED1E7A62C400E7320D /* MASViewConstraint.h */,
				51CA46EE1E7A62C400E7320D /* MASViewConstraint.m */,
				51CA46EF1E7A62C400E7320D /* NSArray+MASAdditions.h */,
				51CA46F01E7A62C400E7320D /* NSArray+MASAdditions.m */,
				51CA46F11E7A62C400E7320D /* NSArray+MASShorthandAdditions.h */,
				51CA46F21E7A62C400E7320D /* NSLayoutConstraint+MASDebugAdditions.h */,
				51CA46F31E7A62C400E7320D /* NSLayoutConstraint+MASDebugAdditions.m */,
				51CA46F41E7A62C400E7320D /* View+MASAdditions.h */,
				51CA46F51E7A62C400E7320D /* View+MASAdditions.m */,
				51CA46F61E7A62C400E7320D /* View+MASShorthandAdditions.h */,
				51CA46F71E7A62C400E7320D /* ViewController+MASAdditions.h */,
				51CA46F81E7A62C400E7320D /* ViewController+MASAdditions.m */,
			);
			path = Masonry;
			sourceTree = "<group>";
		};
		51EAD4051E77F2F8003C870C /* Frameworks */ = {
			isa = PBXGroup;
			children = (
				51CA46911E7A3DC500E7320D /* CoreData.framework */,
				51EAD4081E77F306003C870C /* libsqlite3.tbd */,
				51EAD4061E77F2F8003C870C /* libsqlite3.0.tbd */,
			);
			name = Frameworks;
			sourceTree = "<group>";
		};
		5BEA6F271E8A94FA00B40DE5 /* DXRuntime */ = {
			isa = PBXGroup;
			children = (
				5BEA6F281E8A951D00B40DE5 /* DXRuntimeMsgViewController.h */,
				5BEA6F291E8A951D00B40DE5 /* DXRuntimeMsgViewController.m */,
				5BEA6F2B1E8A9A0800B40DE5 /* DXRuntimeExchangeViewController.h */,
				5BEA6F2C1E8A9A0800B40DE5 /* DXRuntimeExchangeViewController.m */,
				516450781E8BAA6F00113BD6 /* DXRuntimeAddMethodViewController.h */,
				516450791E8BAA6F00113BD6 /* DXRuntimeAddMethodViewController.m */,
				5164507E1E8BBB9F00113BD6 /* DXRuntimeAddPropertyViewController.h */,
				5164507F1E8BBB9F00113BD6 /* DXRuntimeAddPropertyViewController.m */,
				516450811E8BBD2100113BD6 /* NSObject+Property.h */,
				516450821E8BBD2100113BD6 /* NSObject+Property.m */,
				516450721E8B883F00113BD6 /* UIImage+image.h */,
				516450731E8B883F00113BD6 /* UIImage+image.m */,
				516450751E8B885600113BD6 /* DXImage.h */,
				516450761E8B885600113BD6 /* DXImage.m */,
				5164507B1E8BB01100113BD6 /* Animals.h */,
				5164507C1E8BB01100113BD6 /* Animals.m */,
			);
			path = DXRuntime;
			sourceTree = "<group>";
		};
/* End PBXGroup section */

/* Begin PBXNativeTarget section */
		51182CAE1E7645A600AB1FFE /* SuDaxiStudyPointDemo */ = {
			isa = PBXNativeTarget;
			buildConfigurationList = 51182CDC1E7645A600AB1FFE /* Build configuration list for PBXNativeTarget "SuDaxiStudyPointDemo" */;
			buildPhases = (
				51182CAB1E7645A600AB1FFE /* Sources */,
				51182CAC1E7645A600AB1FFE /* Frameworks */,
				51182CAD1E7645A600AB1FFE /* Resources */,
			);
			buildRules = (
			);
			dependencies = (
			);
			name = SuDaxiStudyPointDemo;
			productName = SuDaxiStudyPointDemo;
			productReference = 51182CAF1E7645A600AB1FFE /* SuDaxiStudyPointDemo.app */;
			productType = "com.apple.product-type.application";
		};
		51182CC71E7645A600AB1FFE /* SuDaxiStudyPointDemoTests */ = {
			isa = PBXNativeTarget;
			buildConfigurationList = 51182CDF1E7645A600AB1FFE /* Build configuration list for PBXNativeTarget "SuDaxiStudyPointDemoTests" */;
			buildPhases = (
				51182CC41E7645A600AB1FFE /* Sources */,
				51182CC51E7645A600AB1FFE /* Frameworks */,
				51182CC61E7645A600AB1FFE /* Resources */,
			);
			buildRules = (
			);
			dependencies = (
				51182CCA1E7645A600AB1FFE /* PBXTargetDependency */,
			);
			name = SuDaxiStudyPointDemoTests;
			productName = SuDaxiStudyPointDemoTests;
			productReference = 51182CC81E7645A600AB1FFE /* SuDaxiStudyPointDemoTests.xctest */;
			productType = "com.apple.product-type.bundle.unit-test";
		};
		51182CD21E7645A600AB1FFE /* SuDaxiStudyPointDemoUITests */ = {
			isa = PBXNativeTarget;
			buildConfigurationList = 51182CE21E7645A600AB1FFE /* Build configuration list for PBXNativeTarget "SuDaxiStudyPointDemoUITests" */;
			buildPhases = (
				51182CCF1E7645A600AB1FFE /* Sources */,
				51182CD01E7645A600AB1FFE /* Frameworks */,
				51182CD11E7645A600AB1FFE /* Resources */,
			);
			buildRules = (
			);
			dependencies = (
				51182CD51E7645A600AB1FFE /* PBXTargetDependency */,
			);
			name = SuDaxiStudyPointDemoUITests;
			productName = SuDaxiStudyPointDemoUITests;
			productReference = 51182CD31E7645A600AB1FFE /* SuDaxiStudyPointDemoUITests.xctest */;
			productType = "com.apple.product-type.bundle.ui-testing";
		};
/* End PBXNativeTarget section */

/* Begin PBXProject section */
		51182CA71E7645A600AB1FFE /* Project object */ = {
			isa = PBXProject;
			attributes = {
				LastUpgradeCheck = 0820;
				ORGANIZATIONNAME = SYQ;
				TargetAttributes = {
					51182CAE1E7645A600AB1FFE = {
						CreatedOnToolsVersion = 8.2.1;
						DevelopmentTeam = TT4V3AL8UF;
						ProvisioningStyle = Automatic;
					};
					51182CC71E7645A600AB1FFE = {
						CreatedOnToolsVersion = 8.2.1;
						DevelopmentTeam = TT4V3AL8UF;
						ProvisioningStyle = Automatic;
						TestTargetID = 51182CAE1E7645A600AB1FFE;
					};
					51182CD21E7645A600AB1FFE = {
						CreatedOnToolsVersion = 8.2.1;
						DevelopmentTeam = TT4V3AL8UF;
						ProvisioningStyle = Automatic;
						TestTargetID = 51182CAE1E7645A600AB1FFE;
					};
				};
			};
			buildConfigurationList = 51182CAA1E7645A600AB1FFE /* Build configuration list for PBXProject "SuDaxiStudyPointDemo" */;
			compatibilityVersion = "Xcode 3.2";
			developmentRegion = English;
			hasScannedForEncodings = 0;
			knownRegions = (
				en,
				Base,
			);
			mainGroup = 51182CA61E7645A600AB1FFE;
			productRefGroup = 51182CB01E7645A600AB1FFE /* Products */;
			projectDirPath = "";
			projectRoot = "";
			targets = (
				51182CAE1E7645A600AB1FFE /* SuDaxiStudyPointDemo */,
				51182CC71E7645A600AB1FFE /* SuDaxiStudyPointDemoTests */,
				51182CD21E7645A600AB1FFE /* SuDaxiStudyPointDemoUITests */,
			);
		};
/* End PBXProject section */

/* Begin PBXResourcesBuildPhase section */
		51182CAD1E7645A600AB1FFE /* Resources */ = {
			isa = PBXResourcesBuildPhase;
			buildActionMask = 2147483647;
			files = (
				51CA46FE1E7A62C400E7320D /* Info.plist in Resources */,
				51182CEC1E764C5E00AB1FFE /* LaunchScreen.storyboard in Resources */,
				51182CBF1E7645A600AB1FFE /* Assets.xcassets in Resources */,
				51182CBD1E7645A600AB1FFE /* Main.storyboard in Resources */,
			);
			runOnlyForDeploymentPostprocessing = 0;
		};
		51182CC61E7645A600AB1FFE /* Resources */ = {
			isa = PBXResourcesBuildPhase;
			buildActionMask = 2147483647;
			files = (
			);
			runOnlyForDeploymentPostprocessing = 0;
		};
		51182CD11E7645A600AB1FFE /* Resources */ = {
			isa = PBXResourcesBuildPhase;
			buildActionMask = 2147483647;
			files = (
			);
			runOnlyForDeploymentPostprocessing = 0;
		};
/* End PBXResourcesBuildPhase section */

/* Begin PBXSourcesBuildPhase section */
		51182CAB1E7645A600AB1FFE /* Sources */ = {
			isa = PBXSourcesBuildPhase;
			buildActionMask = 2147483647;
			files = (
				51182CB71E7645A600AB1FFE /* AppDelegate.m in Sources */,
				51006DDE1E8A6D0200C6FD13 /* UIViewController+DXNavgationBarItem.m in Sources */,
				51CA46891E7A3B2E00E7320D /* DXViewController.m in Sources */,
				516450741E8B883F00113BD6 /* UIImage+image.m in Sources */,
				51CA47031E7A62C400E7320D /* MASViewAttribute.m in Sources */,
				51CA47051E7A62C400E7320D /* NSArray+MASAdditions.m in Sources */,
				51B295061E778ECE000D4910 /* Person.m in Sources */,
				51CA46F91E7A62C400E7320D /* FMDatabase.m in Sources */,
				51CA46841E7A3B2E00E7320D /* DXFMDBDispatchViewController.m in Sources */,
				51CA46FB1E7A62C400E7320D /* FMDatabasePool.m in Sources */,
				516450801E8BBB9F00113BD6 /* DXRuntimeAddPropertyViewController.m in Sources */,
				51CA46FD1E7A62C400E7320D /* FMResultSet.m in Sources */,
				51CA46FA1E7A62C400E7320D /* FMDatabaseAdditions.m in Sources */,
				51CA46851E7A3B2E00E7320D /* DXFMDBViewController.m in Sources */,
				51CA46831E7A3B2E00E7320D /* DXDelegateViewController.m in Sources */,
				516450831E8BBD2100113BD6 /* NSObject+Property.m in Sources */,
				51CA46801E7A3B2E00E7320D /* DXBlockViewController.m in Sources */,
				5164507A1E8BAA6F00113BD6 /* DXRuntimeAddMethodViewController.m in Sources */,
				513BC5B21E8CE5F100643A5B /* UIButton+DXNextButton.m in Sources */,
				51CA46821E7A3B2E00E7320D /* DXDataPersistenceViewController.m in Sources */,
				51CA47001E7A62C400E7320D /* MASConstraint.m in Sources */,
				5BEA6F361E8A9DB800B40DE5 /* NextClickView.m in Sources */,
				51CA47041E7A62C400E7320D /* MASViewConstraint.m in Sources */,
				51CA47071E7A62C400E7320D /* View+MASAdditions.m in Sources */,
				51CA47011E7A62C400E7320D /* MASConstraintMaker.m in Sources */,
				516450771E8B885600113BD6 /* DXImage.m in Sources */,
				5BEA6F2A1E8A951D00B40DE5 /* DXRuntimeMsgViewController.m in Sources */,
				51CA46FC1E7A62C400E7320D /* FMDatabaseQueue.m in Sources */,
				51CA46FF1E7A62C400E7320D /* MASCompositeConstraint.m in Sources */,
				51CA46861E7A3B2E00E7320D /* DXKVCViewController.m in Sources */,
				51B2950D1E778F05000D4910 /* GCDViewController.m in Sources */,
				51CA47061E7A62C400E7320D /* NSLayoutConstraint+MASDebugAdditions.m in Sources */,
				51B2950C1E778F05000D4910 /* ClickBtn.m in Sources */,
				51CA46871E7A3B2E00E7320D /* DXKVOViewController.m in Sources */,
				51CA46881E7A3B2E00E7320D /* DXNotificationViewController.m in Sources */,
				51CA46D01E7A62B900E7320D /* UIView+ZR.m in Sources */,
				513BC5B51E8CF09600643A5B /* DXCornerViewController.m in Sources */,
				51CA47021E7A62C400E7320D /* MASLayoutConstraint.m in Sources */,
				5BEA6F2D1E8A9A0800B40DE5 /* DXRuntimeExchangeViewController.m in Sources */,
				5164507D1E8BB01100113BD6 /* Animals.m in Sources */,
				51B295051E778ECE000D4910 /* Person+PersonExtention.m in Sources */,
				51182CB41E7645A600AB1FFE /* main.m in Sources */,
				51CA47081E7A62C400E7320D /* ViewController+MASAdditions.m in Sources */,
				51006DD91E8A6C7C00C6FD13 /* UIColor+image.m in Sources */,
				51CA467F1E7A3B2E00E7320D /* BaseViewController.m in Sources */,
			);
			runOnlyForDeploymentPostprocessing = 0;
		};
		51182CC41E7645A600AB1FFE /* Sources */ = {
			isa = PBXSourcesBuildPhase;
			buildActionMask = 2147483647;
			files = (
				51006DDF1E8A6D0200C6FD13 /* UIViewController+DXNavgationBarItem.m in Sources */,
				51182CCD1E7645A600AB1FFE /* SuDaxiStudyPointDemoTests.m in Sources */,
				51006DDA1E8A6C7C00C6FD13 /* UIColor+image.m in Sources */,
			);
			runOnlyForDeploymentPostprocessing = 0;
		};
		51182CCF1E7645A600AB1FFE /* Sources */ = {
			isa = PBXSourcesBuildPhase;
			buildActionMask = 2147483647;
			files = (
				51006DE01E8A6D0200C6FD13 /* UIViewController+DXNavgationBarItem.m in Sources */,
				51182CD81E7645A600AB1FFE /* SuDaxiStudyPointDemoUITests.m in Sources */,
				51006DDB1E8A6C7C00C6FD13 /* UIColor+image.m in Sources */,
			);
			runOnlyForDeploymentPostprocessing = 0;
		};
/* End PBXSourcesBuildPhase section */

/* Begin PBXTargetDependency section */
		51182CCA1E7645A600AB1FFE /* PBXTargetDependency */ = {
			isa = PBXTargetDependency;
			target = 51182CAE1E7645A600AB1FFE /* SuDaxiStudyPointDemo */;
			targetProxy = 51182CC91E7645A600AB1FFE /* PBXContainerItemProxy */;
		};
		51182CD51E7645A600AB1FFE /* PBXTargetDependency */ = {
			isa = PBXTargetDependency;
			target = 51182CAE1E7645A600AB1FFE /* SuDaxiStudyPointDemo */;
			targetProxy = 51182CD41E7645A600AB1FFE /* PBXContainerItemProxy */;
		};
/* End PBXTargetDependency section */

/* Begin PBXVariantGroup section */
		51182CBB1E7645A600AB1FFE /* Main.storyboard */ = {
			isa = PBXVariantGroup;
			children = (
				51182CBC1E7645A600AB1FFE /* Base */,
			);
			name = Main.storyboard;
			sourceTree = "<group>";
		};
/* End PBXVariantGroup section */

/* Begin XCBuildConfiguration section */
		51182CDA1E7645A600AB1FFE /* Debug */ = {
			isa = XCBuildConfiguration;
			buildSettings = {
				ALWAYS_SEARCH_USER_PATHS = NO;
				CLANG_ANALYZER_NONNULL = YES;
				CLANG_CXX_LANGUAGE_STANDARD = "gnu++0x";
				CLANG_CXX_LIBRARY = "libc++";
				CLANG_ENABLE_MODULES = YES;
				CLANG_ENABLE_OBJC_ARC = YES;
				CLANG_WARN_BOOL_CONVERSION = YES;
				CLANG_WARN_CONSTANT_CONVERSION = YES;
				CLANG_WARN_DIRECT_OBJC_ISA_USAGE = YES_ERROR;
				CLANG_WARN_DOCUMENTATION_COMMENTS = YES;
				CLANG_WARN_EMPTY_BODY = YES;
				CLANG_WARN_ENUM_CONVERSION = YES;
				CLANG_WARN_INFINITE_RECURSION = YES;
				CLANG_WARN_INT_CONVERSION = YES;
				CLANG_WARN_OBJC_ROOT_CLASS = YES_ERROR;
				CLANG_WARN_SUSPICIOUS_MOVE = YES;
				CLANG_WARN_UNREACHABLE_CODE = YES;
				CLANG_WARN__DUPLICATE_METHOD_MATCH = YES;
				"CODE_SIGN_IDENTITY[sdk=iphoneos*]" = "iPhone Developer";
				COPY_PHASE_STRIP = NO;
				DEBUG_INFORMATION_FORMAT = dwarf;
				ENABLE_STRICT_OBJC_MSGSEND = YES;
				ENABLE_TESTABILITY = YES;
				GCC_C_LANGUAGE_STANDARD = gnu99;
				GCC_DYNAMIC_NO_PIC = NO;
				GCC_NO_COMMON_BLOCKS = YES;
				GCC_OPTIMIZATION_LEVEL = 0;
				GCC_PREPROCESSOR_DEFINITIONS = (
					"DEBUG=1",
					"$(inherited)",
				);
				GCC_WARN_64_TO_32_BIT_CONVERSION = YES;
				GCC_WARN_ABOUT_RETURN_TYPE = YES_ERROR;
				GCC_WARN_UNDECLARED_SELECTOR = YES;
				GCC_WARN_UNINITIALIZED_AUTOS = YES_AGGRESSIVE;
				GCC_WARN_UNUSED_FUNCTION = YES;
				GCC_WARN_UNUSED_VARIABLE = YES;
				IPHONEOS_DEPLOYMENT_TARGET = 10.2;
				MTL_ENABLE_DEBUG_INFO = YES;
				ONLY_ACTIVE_ARCH = YES;
				SDKROOT = iphoneos;
			};
			name = Debug;
		};
		51182CDB1E7645A600AB1FFE /* Release */ = {
			isa = XCBuildConfiguration;
			buildSettings = {
				ALWAYS_SEARCH_USER_PATHS = NO;
				CLANG_ANALYZER_NONNULL = YES;
				CLANG_CXX_LANGUAGE_STANDARD = "gnu++0x";
				CLANG_CXX_LIBRARY = "libc++";
				CLANG_ENABLE_MODULES = YES;
				CLANG_ENABLE_OBJC_ARC = YES;
				CLANG_WARN_BOOL_CONVERSION = YES;
				CLANG_WARN_CONSTANT_CONVERSION = YES;
				CLANG_WARN_DIRECT_OBJC_ISA_USAGE = YES_ERROR;
				CLANG_WARN_DOCUMENTATION_COMMENTS = YES;
				CLANG_WARN_EMPTY_BODY = YES;
				CLANG_WARN_ENUM_CONVERSION = YES;
				CLANG_WARN_INFINITE_RECURSION = YES;
				CLANG_WARN_INT_CONVERSION = YES;
				CLANG_WARN_OBJC_ROOT_CLASS = YES_ERROR;
				CLANG_WARN_SUSPICIOUS_MOVE = YES;
				CLANG_WARN_UNREACHABLE_CODE = YES;
				CLANG_WARN__DUPLICATE_METHOD_MATCH = YES;
				"CODE_SIGN_IDENTITY[sdk=iphoneos*]" = "iPhone Developer";
				COPY_PHASE_STRIP = NO;
				DEBUG_INFORMATION_FORMAT = "dwarf-with-dsym";
				ENABLE_NS_ASSERTIONS = NO;
				ENABLE_STRICT_OBJC_MSGSEND = YES;
				GCC_C_LANGUAGE_STANDARD = gnu99;
				GCC_NO_COMMON_BLOCKS = YES;
				GCC_WARN_64_TO_32_BIT_CONVERSION = YES;
				GCC_WARN_ABOUT_RETURN_TYPE = YES_ERROR;
				GCC_WARN_UNDECLARED_SELECTOR = YES;
				GCC_WARN_UNINITIALIZED_AUTOS = YES_AGGRESSIVE;
				GCC_WARN_UNUSED_FUNCTION = YES;
				GCC_WARN_UNUSED_VARIABLE = YES;
				IPHONEOS_DEPLOYMENT_TARGET = 10.2;
				MTL_ENABLE_DEBUG_INFO = NO;
				SDKROOT = iphoneos;
				VALIDATE_PRODUCT = YES;
			};
			name = Release;
		};
		51182CDD1E7645A600AB1FFE /* Debug */ = {
			isa = XCBuildConfiguration;
			buildSettings = {
				ASSETCATALOG_COMPILER_APPICON_NAME = AppIcon;
				DEVELOPMENT_TEAM = TT4V3AL8UF;
				GCC_PRECOMPILE_PREFIX_HEADER = YES;
				GCC_PREFIX_HEADER = "$(SRCROOT)/SuDaxiStudyPointDemo/DXProject-Prefix.pch";
				INFOPLIST_FILE = SuDaxiStudyPointDemo/Info.plist;
				LD_RUNPATH_SEARCH_PATHS = "$(inherited) @executable_path/Frameworks";
				PRODUCT_BUNDLE_IDENTIFIER = www.ziru.com.SuDaxiStudyPointDemo;
				PRODUCT_NAME = "$(TARGET_NAME)";
			};
			name = Debug;
		};
		51182CDE1E7645A600AB1FFE /* Release */ = {
			isa = XCBuildConfiguration;
			buildSettings = {
				ASSETCATALOG_COMPILER_APPICON_NAME = AppIcon;
				DEVELOPMENT_TEAM = TT4V3AL8UF;
				GCC_PRECOMPILE_PREFIX_HEADER = YES;
				GCC_PREFIX_HEADER = "$(SRCROOT)/SuDaxiStudyPointDemo/DXProject-Prefix.pch";
				INFOPLIST_FILE = SuDaxiStudyPointDemo/Info.plist;
				LD_RUNPATH_SEARCH_PATHS = "$(inherited) @executable_path/Frameworks";
				PRODUCT_BUNDLE_IDENTIFIER = www.ziru.com.SuDaxiStudyPointDemo;
				PRODUCT_NAME = "$(TARGET_NAME)";
			};
			name = Release;
		};
		51182CE01E7645A600AB1FFE /* Debug */ = {
			isa = XCBuildConfiguration;
			buildSettings = {
				BUNDLE_LOADER = "$(TEST_HOST)";
				DEVELOPMENT_TEAM = TT4V3AL8UF;
				INFOPLIST_FILE = SuDaxiStudyPointDemoTests/Info.plist;
				LD_RUNPATH_SEARCH_PATHS = "$(inherited) @executable_path/Frameworks @loader_path/Frameworks";
				PRODUCT_BUNDLE_IDENTIFIER = www.ziru.com.SuDaxiStudyPointDemoTests;
				PRODUCT_NAME = "$(TARGET_NAME)";
				TEST_HOST = "$(BUILT_PRODUCTS_DIR)/SuDaxiStudyPointDemo.app/SuDaxiStudyPointDemo";
			};
			name = Debug;
		};
		51182CE11E7645A600AB1FFE /* Release */ = {
			isa = XCBuildConfiguration;
			buildSettings = {
				BUNDLE_LOADER = "$(TEST_HOST)";
				DEVELOPMENT_TEAM = TT4V3AL8UF;
				INFOPLIST_FILE = SuDaxiStudyPointDemoTests/Info.plist;
				LD_RUNPATH_SEARCH_PATHS = "$(inherited) @executable_path/Frameworks @loader_path/Frameworks";
				PRODUCT_BUNDLE_IDENTIFIER = www.ziru.com.SuDaxiStudyPointDemoTests;
				PRODUCT_NAME = "$(TARGET_NAME)";
				TEST_HOST = "$(BUILT_PRODUCTS_DIR)/SuDaxiStudyPointDemo.app/SuDaxiStudyPointDemo";
			};
			name = Release;
		};
		51182CE31E7645A600AB1FFE /* Debug */ = {
			isa = XCBuildConfiguration;
			buildSettings = {
				DEVELOPMENT_TEAM = TT4V3AL8UF;
				INFOPLIST_FILE = SuDaxiStudyPointDemoUITests/Info.plist;
				LD_RUNPATH_SEARCH_PATHS = "$(inherited) @executable_path/Frameworks @loader_path/Frameworks";
				PRODUCT_BUNDLE_IDENTIFIER = www.ziru.com.SuDaxiStudyPointDemoUITests;
				PRODUCT_NAME = "$(TARGET_NAME)";
				TEST_TARGET_NAME = SuDaxiStudyPointDemo;
			};
			name = Debug;
		};
		51182CE41E7645A600AB1FFE /* Release */ = {
			isa = XCBuildConfiguration;
			buildSettings = {
				DEVELOPMENT_TEAM = TT4V3AL8UF;
				INFOPLIST_FILE = SuDaxiStudyPointDemoUITests/Info.plist;
				LD_RUNPATH_SEARCH_PATHS = "$(inherited) @executable_path/Frameworks @loader_path/Frameworks";
				PRODUCT_BUNDLE_IDENTIFIER = www.ziru.com.SuDaxiStudyPointDemoUITests;
				PRODUCT_NAME = "$(TARGET_NAME)";
				TEST_TARGET_NAME = SuDaxiStudyPointDemo;
			};
			name = Release;
		};
/* End XCBuildConfiguration section */

/* Begin XCConfigurationList section */
		51182CAA1E7645A600AB1FFE /* Build configuration list for PBXProject "SuDaxiStudyPointDemo" */ = {
			isa = XCConfigurationList;
			buildConfigurations = (
				51182CDA1E7645A600AB1FFE /* Debug */,
				51182CDB1E7645A600AB1FFE /* Release */,
			);
			defaultConfigurationIsVisible = 0;
			defaultConfigurationName = Release;
		};
		51182CDC1E7645A600AB1FFE /* Build configuration list for PBXNativeTarget "SuDaxiStudyPointDemo" */ = {
			isa = XCConfigurationList;
			buildConfigurations = (
				51182CDD1E7645A600AB1FFE /* Debug */,
				51182CDE1E7645A600AB1FFE /* Release */,
			);
			defaultConfigurationIsVisible = 0;
			defaultConfigurationName = Release;
		};
		51182CDF1E7645A600AB1FFE /* Build configuration list for PBXNativeTarget "SuDaxiStudyPointDemoTests" */ = {
			isa = XCConfigurationList;
			buildConfigurations = (
				51182CE01E7645A600AB1FFE /* Debug */,
				51182CE11E7645A600AB1FFE /* Release */,
			);
			defaultConfigurationIsVisible = 0;
			defaultConfigurationName = Release;
		};
		51182CE21E7645A600AB1FFE /* Build configuration list for PBXNativeTarget "SuDaxiStudyPointDemoUITests" */ = {
			isa = XCConfigurationList;
			buildConfigurations = (
				51182CE31E7645A600AB1FFE /* Debug */,
				51182CE41E7645A600AB1FFE /* Release */,
			);
			defaultConfigurationIsVisible = 0;
			defaultConfigurationName = Release;
		};
/* End XCConfigurationList section */
	};
	rootObject = 51182CA71E7645A600AB1FFE /* Project object */;
}
